
Microsoft Visual Studio Solution File, Format Version 12.00
# Visual Studio Version 16
VisualStudioVersion = 16.0.29613.14
MinimumVisualStudioVersion = 10.0.40219.1
Project("{FAE04EC0-301F-11D3-BF4B-00C04F79EFBC}") = "ComboBox", "ComboBox\ComboBox.csproj", "{508A73A2-4D6F-4B2B-8A0C-5B9EA99D8F40}"
EndProject
Global
	GlobalSection(SolutionConfigurationPlatforms) = preSolution
		Debug|Any CPU = Debug|Any CPU
		Release|Any CPU = Release|Any CPU
	EndGlobalSection
	GlobalSection(ProjectConfigurationPlatforms) = postSolution
		{508A73A2-4D6F-4B2B-8A0C-5B9EA99D8F40}.Debug|Any CPU.ActiveCfg = Debug|Any CPU
		{508A73A2-4D6F-4B2B-8A0C-5B9EA99D8F40}.Debug|Any CPU.Build.0 = Debug|Any CPU
		{508A73A2-4D6F-4B2B-8A0C-5B9EA99D8F40}.Release|Any CPU.ActiveCfg = Release|Any CPU
		{508A73A2-4D6F-4B2B-8A0C-5B9EA99D8F40}.Release|Any CPU.Build.0 = Release|Any CPU
	EndGlobalSection
	GlobalSection(SolutionProperties) = preSolution
		HideSolutionNode = FALSE
	EndGlobalSection
	GlobalSection(ExtensibilityGlobals) = postSolution
		SolutionGuid = {7E36BAFD-D0B3-4601-B077-D381CFE94DA1}
	EndGlobalSection
EndGlobal
