
Microsoft Visual Studio Solution File, Format Version 12.00
# Visual Studio Version 16
VisualStudioVersion = 16.0.29613.14
MinimumVisualStudioVersion = 10.0.40219.1
Project("{FAE04EC0-301F-11D3-BF4B-00C04F79EFBC}") = "ToolTips", "ToolTips\ToolTips.csproj", "{2EA19F3C-CB29-4145-9558-9712E7B2B7DA}"
EndProject
Global
	GlobalSection(SolutionConfigurationPlatforms) = preSolution
		Debug|Any CPU = Debug|Any CPU
		Release|Any CPU = Release|Any CPU
	EndGlobalSection
	GlobalSection(ProjectConfigurationPlatforms) = postSolution
		{2EA19F3C-CB29-4145-9558-9712E7B2B7DA}.Debug|Any CPU.ActiveCfg = Debug|Any CPU
		{2EA19F3C-CB29-4145-9558-9712E7B2B7DA}.Debug|Any CPU.Build.0 = Debug|Any CPU
		{2EA19F3C-CB29-4145-9558-9712E7B2B7DA}.Release|Any CPU.ActiveCfg = Release|Any CPU
		{2EA19F3C-CB29-4145-9558-9712E7B2B7DA}.Release|Any CPU.Build.0 = Release|Any CPU
	EndGlobalSection
	GlobalSection(SolutionProperties) = preSolution
		HideSolutionNode = FALSE
	EndGlobalSection
	GlobalSection(ExtensibilityGlobals) = postSolution
		SolutionGuid = {FF10B6E8-7269-444C-8446-225226009C2A}
	EndGlobalSection
EndGlobal
