
Microsoft Visual Studio Solution File, Format Version 12.00
# Visual Studio Version 16
VisualStudioVersion = 16.0.29613.14
MinimumVisualStudioVersion = 10.0.40219.1
Project("{FAE04EC0-301F-11D3-BF4B-00C04F79EFBC}") = "Enumeration", "Enumeration\Enumeration.csproj", "{65363D13-3F79-490F-819C-ECB9ECA24319}"
EndProject
Global
	GlobalSection(SolutionConfigurationPlatforms) = preSolution
		Debug|Any CPU = Debug|Any CPU
		Release|Any CPU = Release|Any CPU
	EndGlobalSection
	GlobalSection(ProjectConfigurationPlatforms) = postSolution
		{65363D13-3F79-490F-819C-ECB9ECA24319}.Debug|Any CPU.ActiveCfg = Debug|Any CPU
		{65363D13-3F79-490F-819C-ECB9ECA24319}.Debug|Any CPU.Build.0 = Debug|Any CPU
		{65363D13-3F79-490F-819C-ECB9ECA24319}.Release|Any CPU.ActiveCfg = Release|Any CPU
		{65363D13-3F79-490F-819C-ECB9ECA24319}.Release|Any CPU.Build.0 = Release|Any CPU
	EndGlobalSection
	GlobalSection(SolutionProperties) = preSolution
		HideSolutionNode = FALSE
	EndGlobalSection
	GlobalSection(ExtensibilityGlobals) = postSolution
		SolutionGuid = {AC869BCF-914B-4BDC-9BB3-88DDAED939F9}
	EndGlobalSection
EndGlobal
