
Microsoft Visual Studio Solution File, Format Version 12.00
# Visual Studio Version 16
VisualStudioVersion = 16.0.29613.14
MinimumVisualStudioVersion = 10.0.40219.1
Project("{FAE04EC0-301F-11D3-BF4B-00C04F79EFBC}") = "INotifyPropertyChanged Demo", "INotifyPropertyChanged Demo\INotifyPropertyChanged Demo.csproj", "{F3CF3CDB-5D6B-47AE-8028-73B70E4D18DC}"
EndProject
Global
	GlobalSection(SolutionConfigurationPlatforms) = preSolution
		Debug|Any CPU = Debug|Any CPU
		Release|Any CPU = Release|Any CPU
	EndGlobalSection
	GlobalSection(ProjectConfigurationPlatforms) = postSolution
		{F3CF3CDB-5D6B-47AE-8028-73B70E4D18DC}.Debug|Any CPU.ActiveCfg = Debug|Any CPU
		{F3CF3CDB-5D6B-47AE-8028-73B70E4D18DC}.Debug|Any CPU.Build.0 = Debug|Any CPU
		{F3CF3CDB-5D6B-47AE-8028-73B70E4D18DC}.Release|Any CPU.ActiveCfg = Release|Any CPU
		{F3CF3CDB-5D6B-47AE-8028-73B70E4D18DC}.Release|Any CPU.Build.0 = Release|Any CPU
	EndGlobalSection
	GlobalSection(SolutionProperties) = preSolution
		HideSolutionNode = FALSE
	EndGlobalSection
	GlobalSection(ExtensibilityGlobals) = postSolution
		SolutionGuid = {F51FCEF4-D2B1-417E-8D3C-48217DE38972}
	EndGlobalSection
EndGlobal
